{
  "name": "python-by-example",
  "version": "1.0.0",
  "lockfileVersion": 3,
  "requires": true,
  "packages": {
    "": {
      "name": "python-by-example",
      "version": "1.0.0",
      "license": "ISC",
      "dependencies": {
        "@tailwindcss/typography": "^0.5.16",
        "@types/node": "^24.0.7",
        "@types/prismjs": "^1.26.5",
        "@types/react": "^18.2.0",
        "@types/react-dom": "^18.2.0",
        "@vercel/analytics": "^1.5.0",
        "@vercel/speed-insights": "^1.2.0",
        "autoprefixer": "^10.4.21",
        "lucide-react": "^0.525.0",
        "next": "^14.2.30",
        "next-intl": "^4.3.1",
        "postcss": "^8.5.6",
        "prismjs": "^1.30.0",
        "react": "^18.2.0",
        "react-dom": "^18.2.0",
        "tailwindcss": "^4.1.11",
        "typescript": "^5.0.0"
      },
      "devDependencies": {
        "@types/react": "^18.2.0",
        "@types/react-dom": "^18.2.0",
        "typescript": "^5.0.0"
      }
    },
    "node_modules/@formatjs/ecma402-abstract": {
      "version": "2.3.4",
      "resolved": "https://registry.npmjs.org/@formatjs/ecma402-abstract/-/ecma402-abstract-2.3.4.tgz",
      "integrity": "sha512-qrycXDeaORzIqNhBOx0btnhpD1c+/qFIHAN9znofuMJX6QBwtbrmlpWfD4oiUUD2vJUOIYFA/gYtg2KAMGG7sA==",
      "license": "MIT",
      "dependencies": {
        "@formatjs/fast-memoize": "2.2.7",
        "@formatjs/intl-localematcher": "0.6.1",
        "decimal.js": "^10.4.3",
        "tslib": "^2.8.0"
      }
    },
    "node_modules/@formatjs/ecma402-abstract/node_modules/@formatjs/intl-localematcher": {
      "version": "0.6.1",
      "resolved": "https://registry.npmjs.org/@formatjs/intl-localematcher/-/intl-localematcher-0.6.1.tgz",
      "integrity": "sha512-ePEgLgVCqi2BBFnTMWPfIghu6FkbZnnBVhO2sSxvLfrdFw7wCHAHiDoM2h4NRgjbaY7+B7HgOLZGkK187pZTZg==",
      "license": "MIT",
      "dependencies": {
        "tslib": "^2.8.0"
      }
    },
    "node_modules/@formatjs/fast-memoize": {
      "version": "2.2.7",
      "resolved": "https://registry.npmjs.org/@formatjs/fast-memoize/-/fast-memoize-2.2.7.tgz",
      "integrity": "sha512-Yabmi9nSvyOMrlSeGGWDiH7rf3a7sIwplbvo/dlz9WCIjzIQAfy1RMf4S0X3yG724n5Ghu2GmEl5NJIV6O9sZQ==",
      "license": "MIT",
      "dependencies": {
        "tslib": "^2.8.0"
      }
    },
    "node_modules/@formatjs/icu-messageformat-parser": {
      "version": "2.11.2",
      "resolved": "https://registry.npmjs.org/@formatjs/icu-messageformat-parser/-/icu-messageformat-parser-2.11.2.tgz",
      "integrity": "sha512-AfiMi5NOSo2TQImsYAg8UYddsNJ/vUEv/HaNqiFjnI3ZFfWihUtD5QtuX6kHl8+H+d3qvnE/3HZrfzgdWpsLNA==",
      "license": "MIT",
      "dependencies": {
        "@formatjs/ecma402-abstract": "2.3.4",
        "@formatjs/icu-skeleton-parser": "1.8.14",
        "tslib": "^2.8.0"
      }
    },
    "node_modules/@formatjs/icu-skeleton-parser": {
      "version": "1.8.14",
      "resolved": "https://registry.npmjs.org/@formatjs/icu-skeleton-parser/-/icu-skeleton-parser-1.8.14.tgz",
      "integrity": "sha512-i4q4V4qslThK4Ig8SxyD76cp3+QJ3sAqr7f6q9VVfeGtxG9OhiAk3y9XF6Q41OymsKzsGQ6OQQoJNY4/lI8TcQ==",
      "license": "MIT",
      "dependencies": {
        "@formatjs/ecma402-abstract": "2.3.4",
        "tslib": "^2.8.0"
      }
    },
    "node_modules/@formatjs/intl-localematcher": {
      "version": "0.5.10",
      "resolved": "https://registry.npmjs.org/@formatjs/intl-localematcher/-/intl-localematcher-0.5.10.tgz",
      "integrity": "sha512-af3qATX+m4Rnd9+wHcjJ4w2ijq+rAVP3CCinJQvFv1kgSu1W6jypUmvleJxcewdxmutM8dmIRZFxO/IQBZmP2Q==",
      "license": "MIT",
      "dependencies": {
        "tslib": "2"
      }
    },
    "node_modules/@next/env": {
      "version": "14.2.30",
      "resolved": "https://registry.npmjs.org/@next/env/-/env-14.2.30.tgz",
      "integrity": "sha512-KBiBKrDY6kxTQWGzKjQB7QirL3PiiOkV7KW98leHFjtVRKtft76Ra5qSA/SL75xT44dp6hOcqiiJ6iievLOYug==",
      "license": "MIT"
    },
    "node_modules/@next/swc-darwin-arm64": {
      "version": "14.2.30",
      "resolved": "https://registry.npmjs.org/@next/swc-darwin-arm64/-/swc-darwin-arm64-14.2.30.tgz",
      "integrity": "sha512-EAqfOTb3bTGh9+ewpO/jC59uACadRHM6TSA9DdxJB/6gxOpyV+zrbqeXiFTDy9uV6bmipFDkfpAskeaDcO+7/g==",
      "cpu": [
        "arm64"
      ],
      "license": "MIT",
      "optional": true,
      "os": [
        "darwin"
      ],
      "engines": {
        "node": ">= 10"
      }
    },
    "node_modules/@next/swc-darwin-x64": {
      "version": "14.2.30",
      "resolved": "https://registry.npmjs.org/@next/swc-darwin-x64/-/swc-darwin-x64-14.2.30.tgz",
      "integrity": "sha512-TyO7Wz1IKE2kGv8dwQ0bmPL3s44EKVencOqwIY69myoS3rdpO1NPg5xPM5ymKu7nfX4oYJrpMxv8G9iqLsnL4A==",
      "cpu": [
        "x64"
      ],
      "license": "MIT",
      "optional": true,
      "os": [
        "darwin"
      ],
      "engines": {
        "node": ">= 10"
      }
    },
    "node_modules/@next/swc-linux-arm64-gnu": {
      "version": "14.2.30",
      "resolved": "https://registry.npmjs.org/@next/swc-linux-arm64-gnu/-/swc-linux-arm64-gnu-14.2.30.tgz",
      "integrity": "sha512-I5lg1fgPJ7I5dk6mr3qCH1hJYKJu1FsfKSiTKoYwcuUf53HWTrEkwmMI0t5ojFKeA6Vu+SfT2zVy5NS0QLXV4Q==",
      "cpu": [
        "arm64"
      ],
      "license": "MIT",
      "optional": true,
      "os": [
        "linux"
      ],
      "engines": {
        "node": ">= 10"
      }
    },
    "node_modules/@next/swc-linux-arm64-musl": {
      "version": "14.2.30",
      "resolved": "https://registry.npmjs.org/@next/swc-linux-arm64-musl/-/swc-linux-arm64-musl-14.2.30.tgz",
      "integrity": "sha512-8GkNA+sLclQyxgzCDs2/2GSwBc92QLMrmYAmoP2xehe5MUKBLB2cgo34Yu242L1siSkwQkiV4YLdCnjwc/Micw==",
      "cpu": [
        "arm64"
      ],
      "license": "MIT",
      "optional": true,
      "os": [
        "linux"
      ],
      "engines": {
        "node": ">= 10"
      }
    },
    "node_modules/@next/swc-linux-x64-gnu": {
      "version": "14.2.30",
      "resolved": "https://registry.npmjs.org/@next/swc-linux-x64-gnu/-/swc-linux-x64-gnu-14.2.30.tgz",
      "integrity": "sha512-8Ly7okjssLuBoe8qaRCcjGtcMsv79hwzn/63wNeIkzJVFVX06h5S737XNr7DZwlsbTBDOyI6qbL2BJB5n6TV/w==",
      "cpu": [
        "x64"
      ],
      "license": "MIT",
      "optional": true,
      "os": [
        "linux"
      ],
      "engines": {
        "node": ">= 10"
      }
    },
    "node_modules/@next/swc-linux-x64-musl": {
      "version": "14.2.30",
      "resolved": "https://registry.npmjs.org/@next/swc-linux-x64-musl/-/swc-linux-x64-musl-14.2.30.tgz",
      "integrity": "sha512-dBmV1lLNeX4mR7uI7KNVHsGQU+OgTG5RGFPi3tBJpsKPvOPtg9poyav/BYWrB3GPQL4dW5YGGgalwZ79WukbKQ==",
      "cpu": [
        "x64"
      ],
      "license": "MIT",
      "optional": true,
      "os": [
        "linux"
      ],
      "engines": {
        "node": ">= 10"
      }
    },
    "node_modules/@next/swc-win32-arm64-msvc": {
      "version": "14.2.30",
      "resolved": "https://registry.npmjs.org/@next/swc-win32-arm64-msvc/-/swc-win32-arm64-msvc-14.2.30.tgz",
      "integrity": "sha512-6MMHi2Qc1Gkq+4YLXAgbYslE1f9zMGBikKMdmQRHXjkGPot1JY3n5/Qrbg40Uvbi8//wYnydPnyvNhI1DMUW1g==",
      "cpu": [
        "arm64"
      ],
      "license": "MIT",
      "optional": true,
      "os": [
        "win32"
      ],
      "engines": {
        "node": ">= 10"
      }
    },
    "node_modules/@next/swc-win32-ia32-msvc": {
      "version": "14.2.30",
      "resolved": "https://registry.npmjs.org/@next/swc-win32-ia32-msvc/-/swc-win32-ia32-msvc-14.2.30.tgz",
      "integrity": "sha512-pVZMnFok5qEX4RT59mK2hEVtJX+XFfak+/rjHpyFh7juiT52r177bfFKhnlafm0UOSldhXjj32b+LZIOdswGTg==",
      "cpu": [
        "ia32"
      ],
      "license": "MIT",
      "optional": true,
      "os": [
        "win32"
      ],
      "engines": {
        "node": ">= 10"
      }
    },
    "node_modules/@next/swc-win32-x64-msvc": {
      "version": "14.2.30",
      "resolved": "https://registry.npmjs.org/@next/swc-win32-x64-msvc/-/swc-win32-x64-msvc-14.2.30.tgz",
      "integrity": "sha512-4KCo8hMZXMjpTzs3HOqOGYYwAXymXIy7PEPAXNEcEOyKqkjiDlECumrWziy+JEF0Oi4ILHGxzgQ3YiMGG2t/Lg==",
      "cpu": [
        "x64"
      ],
      "license": "MIT",
      "optional": true,
      "os": [
        "win32"
      ],
      "engines": {
        "node": ">= 10"
      }
    },
    "node_modules/@schummar/icu-type-parser": {
      "version": "1.21.5",
      "resolved": "https://registry.npmjs.org/@schummar/icu-type-parser/-/icu-type-parser-1.21.5.tgz",
      "integrity": "sha512-bXHSaW5jRTmke9Vd0h5P7BtWZG9Znqb8gSDxZnxaGSJnGwPLDPfS+3g0BKzeWqzgZPsIVZkM7m2tbo18cm5HBw==",
      "license": "MIT"
    },
    "node_modules/@swc/counter": {
      "version": "0.1.3",
      "resolved": "https://registry.npmjs.org/@swc/counter/-/counter-0.1.3.tgz",
      "integrity": "sha512-e2BR4lsJkkRlKZ/qCHPw9ZaSxc0MVUd7gtbtaB7aMvHeJVYe8sOB8DBZkP2DtISHGSku9sCK6T6cnY0CtXrOCQ==",
      "license": "Apache-2.0"
    },
    "node_modules/@swc/helpers": {
      "version": "0.5.5",
      "resolved": "https://registry.npmjs.org/@swc/helpers/-/helpers-0.5.5.tgz",
      "integrity": "sha512-KGYxvIOXcceOAbEk4bi/dVLEK9z8sZ0uBB3Il5b1rhfClSpcX0yfRO0KmTkqR2cnQDymwLB+25ZyMzICg/cm/A==",
      "license": "Apache-2.0",
      "dependencies": {
        "@swc/counter": "^0.1.3",
        "tslib": "^2.4.0"
      }
    },
    "node_modules/@tailwindcss/typography": {
      "version": "0.5.16",
      "resolved": "https://registry.npmjs.org/@tailwindcss/typography/-/typography-0.5.16.tgz",
      "integrity": "sha512-0wDLwCVF5V3x3b1SGXPCDcdsbDHMBe+lkFzBRaHeLvNi+nrrnZ1lA18u+OTWO8iSWU2GxUOCvlXtDuqftc1oiA==",
      "license": "MIT",
      "dependencies": {
        "lodash.castarray": "^4.4.0",
        "lodash.isplainobject": "^4.0.6",
        "lodash.merge": "^4.6.2",
        "postcss-selector-parser": "6.0.10"
      },
      "peerDependencies": {
        "tailwindcss": ">=3.0.0 || insiders || >=4.0.0-alpha.20 || >=4.0.0-beta.1"
      }
    },
    "node_modules/@types/node": {
      "version": "24.0.7",
      "resolved": "https://registry.npmjs.org/@types/node/-/node-24.0.7.tgz",
      "integrity": "sha512-YIEUUr4yf8q8oQoXPpSlnvKNVKDQlPMWrmOcgzoduo7kvA2UF0/BwJ/eMKFTiTtkNL17I0M6Xe2tvwFU7be6iw==",
      "license": "MIT",
      "dependencies": {
        "undici-types": "~7.8.0"
      }
    },
    "node_modules/@types/prismjs": {
      "version": "1.26.5",
      "resolved": "https://registry.npmjs.org/@types/prismjs/-/prismjs-1.26.5.tgz",
      "integrity": "sha512-AUZTa7hQ2KY5L7AmtSiqxlhWxb4ina0yd8hNbl4TWuqnv/pFP0nDMb3YrfSBf4hJVGLh2YEIBfKaBW/9UEl6IQ==",
      "license": "MIT"
    },
    "node_modules/@types/prop-types": {
      "version": "15.7.15",
      "resolved": "https://registry.npmjs.org/@types/prop-types/-/prop-types-15.7.15.tgz",
      "integrity": "sha512-F6bEyamV9jKGAFBEmlQnesRPGOQqS2+Uwi0Em15xenOxHaf2hv6L8YCVn3rPdPJOiJfPiCnLIRyvwVaqMY3MIw==",
      "dev": true,
      "license": "MIT"
    },
    "node_modules/@types/react": {
      "version": "18.3.23",
      "resolved": "https://registry.npmjs.org/@types/react/-/react-18.3.23.tgz",
      "integrity": "sha512-/LDXMQh55EzZQ0uVAZmKKhfENivEvWz6E+EYzh+/MCjMhNsotd+ZHhBGIjFDTi6+fz0OhQQQLbTgdQIxxCsC0w==",
      "dev": true,
      "license": "MIT",
      "dependencies": {
        "@types/prop-types": "*",
        "csstype": "^3.0.2"
      }
    },
    "node_modules/@types/react-dom": {
      "version": "18.3.7",
      "resolved": "https://registry.npmjs.org/@types/react-dom/-/react-dom-18.3.7.tgz",
      "integrity": "sha512-MEe3UeoENYVFXzoXEWsvcpg6ZvlrFNlOQ7EOsvhI3CfAXwzPfO8Qwuxd40nepsYKqyyVQnTdEfv68q91yLcKrQ==",
      "dev": true,
      "license": "MIT",
      "peerDependencies": {
        "@types/react": "^18.0.0"
      }
    },
    "node_modules/@vercel/analytics": {
      "version": "1.5.0",
      "resolved": "https://registry.npmjs.org/@vercel/analytics/-/analytics-1.5.0.tgz",
      "integrity": "sha512-MYsBzfPki4gthY5HnYN7jgInhAZ7Ac1cYDoRWFomwGHWEX7odTEzbtg9kf/QSo7XEsEAqlQugA6gJ2WS2DEa3g==",
      "license": "MPL-2.0",
      "peerDependencies": {
        "@remix-run/react": "^2",
        "@sveltejs/kit": "^1 || ^2",
        "next": ">= 13",
        "react": "^18 || ^19 || ^19.0.0-rc",
        "svelte": ">= 4",
        "vue": "^3",
        "vue-router": "^4"
      },
      "peerDependenciesMeta": {
        "@remix-run/react": {
          "optional": true
        },
        "@sveltejs/kit": {
          "optional": true
        },
        "next": {
          "optional": true
        },
        "react": {
          "optional": true
        },
        "svelte": {
          "optional": true
        },
        "vue": {
          "optional": true
        },
        "vue-router": {
          "optional": true
        }
      }
    },
    "node_modules/@vercel/speed-insights": {
      "version": "1.2.0",
      "resolved": "https://registry.npmjs.org/@vercel/speed-insights/-/speed-insights-1.2.0.tgz",
      "integrity": "sha512-y9GVzrUJ2xmgtQlzFP2KhVRoCglwfRQgjyfY607aU0hh0Un6d0OUyrJkjuAlsV18qR4zfoFPs/BiIj9YDS6Wzw==",
      "hasInstallScript": true,
      "license": "Apache-2.0",
      "peerDependencies": {
        "@sveltejs/kit": "^1 || ^2",
        "next": ">= 13",
        "react": "^18 || ^19 || ^19.0.0-rc",
        "svelte": ">= 4",
        "vue": "^3",
        "vue-router": "^4"
      },
      "peerDependenciesMeta": {
        "@sveltejs/kit": {
          "optional": true
        },
        "next": {
          "optional": true
        },
        "react": {
          "optional": true
        },
        "svelte": {
          "optional": true
        },
        "vue": {
          "optional": true
        },
        "vue-router": {
          "optional": true
        }
      }
    },
    "node_modules/autoprefixer": {
      "version": "10.4.21",
      "resolved": "https://registry.npmjs.org/autoprefixer/-/autoprefixer-10.4.21.tgz",
      "integrity": "sha512-O+A6LWV5LDHSJD3LjHYoNi4VLsj/Whi7k6zG12xTYaU4cQ8oxQGckXNX8cRHK5yOZ/ppVHe0ZBXGzSV9jXdVbQ==",
      "funding": [
        {
          "type": "opencollective",
          "url": "https://opencollective.com/postcss/"
        },
        {
          "type": "tidelift",
          "url": "https://tidelift.com/funding/github/npm/autoprefixer"
        },
        {
          "type": "github",
          "url": "https://github.com/sponsors/ai"
        }
      ],
      "license": "MIT",
      "dependencies": {
        "browserslist": "^4.24.4",
        "caniuse-lite": "^1.0.30001702",
        "fraction.js": "^4.3.7",
        "normalize-range": "^0.1.2",
        "picocolors": "^1.1.1",
        "postcss-value-parser": "^4.2.0"
      },
      "bin": {
        "autoprefixer": "bin/autoprefixer"
      },
      "engines": {
        "node": "^10 || ^12 || >=14"
      },
      "peerDependencies": {
        "postcss": "^8.1.0"
      }
    },
    "node_modules/browserslist": {
      "version": "4.25.1",
      "resolved": "https://registry.npmjs.org/browserslist/-/browserslist-4.25.1.tgz",
      "integrity": "sha512-KGj0KoOMXLpSNkkEI6Z6mShmQy0bc1I+T7K9N81k4WWMrfz+6fQ6es80B/YLAeRoKvjYE1YSHHOW1qe9xIVzHw==",
      "funding": [
        {
          "type": "opencollective",
          "url": "https://opencollective.com/browserslist"
        },
        {
          "type": "tidelift",
          "url": "https://tidelift.com/funding/github/npm/browserslist"
        },
        {
          "type": "github",
          "url": "https://github.com/sponsors/ai"
        }
      ],
      "license": "MIT",
      "dependencies": {
        "caniuse-lite": "^1.0.30001726",
        "electron-to-chromium": "^1.5.173",
        "node-releases": "^2.0.19",
        "update-browserslist-db": "^1.1.3"
      },
      "bin": {
        "browserslist": "cli.js"
      },
      "engines": {
        "node": "^6 || ^7 || ^8 || ^9 || ^10 || ^11 || ^12 || >=13.7"
      }
    },
    "node_modules/busboy": {
      "version": "1.6.0",
      "resolved": "https://registry.npmjs.org/busboy/-/busboy-1.6.0.tgz",
      "integrity": "sha512-8SFQbg/0hQ9xy3UNTB0YEnsNBbWfhf7RtnzpL7TkBiTBRfrQ9Fxcnz7VJsleJpyp6rVLvXiuORqjlHi5q+PYuA==",
      "dependencies": {
        "streamsearch": "^1.1.0"
      },
      "engines": {
        "node": ">=10.16.0"
      }
    },
    "node_modules/caniuse-lite": {
      "version": "1.0.30001726",
      "resolved": "https://registry.npmjs.org/caniuse-lite/-/caniuse-lite-1.0.30001726.tgz",
      "integrity": "sha512-VQAUIUzBiZ/UnlM28fSp2CRF3ivUn1BWEvxMcVTNwpw91Py1pGbPIyIKtd+tzct9C3ouceCVdGAXxZOpZAsgdw==",
      "funding": [
        {
          "type": "opencollective",
          "url": "https://opencollective.com/browserslist"
        },
        {
          "type": "tidelift",
          "url": "https://tidelift.com/funding/github/npm/caniuse-lite"
        },
        {
          "type": "github",
          "url": "https://github.com/sponsors/ai"
        }
      ],
      "license": "CC-BY-4.0"
    },
    "node_modules/client-only": {
      "version": "0.0.1",
      "resolved": "https://registry.npmjs.org/client-only/-/client-only-0.0.1.tgz",
      "integrity": "sha512-IV3Ou0jSMzZrd3pZ48nLkT9DA7Ag1pnPzaiQhpW7c3RbcqqzvzzVu+L8gfqMp/8IM2MQtSiqaCxrrcfu8I8rMA==",
      "license": "MIT"
    },
    "node_modules/cssesc": {
      "version": "3.0.0",
      "resolved": "https://registry.npmjs.org/cssesc/-/cssesc-3.0.0.tgz",
      "integrity": "sha512-/Tb/JcjK111nNScGob5MNtsntNM1aCNUDipB/TkwZFhyDrrE47SOx/18wF2bbjgc3ZzCSKW1T5nt5EbFoAz/Vg==",
      "license": "MIT",
      "bin": {
        "cssesc": "bin/cssesc"
      },
      "engines": {
        "node": ">=4"
      }
    },
    "node_modules/csstype": {
      "version": "3.1.3",
      "resolved": "https://registry.npmjs.org/csstype/-/csstype-3.1.3.tgz",
      "integrity": "sha512-M1uQkMl8rQK/szD0LNhtqxIPLpimGm8sOBwU7lLnCpSbTyY3yeU1Vc7l4KT5zT4s/yOxHH5O7tIuuLOCnLADRw==",
      "dev": true,
      "license": "MIT"
    },
    "node_modules/decimal.js": {
      "version": "10.5.0",
      "resolved": "https://registry.npmjs.org/decimal.js/-/decimal.js-10.5.0.tgz",
      "integrity": "sha512-8vDa8Qxvr/+d94hSh5P3IJwI5t8/c0KsMp+g8bNw9cY2icONa5aPfvKeieW1WlG0WQYwwhJ7mjui2xtiePQSXw==",
      "license": "MIT"
    },
    "node_modules/electron-to-chromium": {
      "version": "1.5.177",
      "resolved": "https://registry.npmjs.org/electron-to-chromium/-/electron-to-chromium-1.5.177.tgz",
      "integrity": "sha512-7EH2G59nLsEMj97fpDuvVcYi6lwTcM1xuWw3PssD8xzboAW7zj7iB3COEEEATUfjLHrs5uKBLQT03V/8URx06g==",
      "license": "ISC"
    },
    "node_modules/escalade": {
      "version": "3.2.0",
      "resolved": "https://registry.npmjs.org/escalade/-/escalade-3.2.0.tgz",
      "integrity": "sha512-WUj2qlxaQtO4g6Pq5c29GTcWGDyd8itL8zTlipgECz3JesAiiOKotd8JU6otB3PACgG6xkJUyVhboMS+bje/jA==",
      "license": "MIT",
      "engines": {
        "node": ">=6"
      }
    },
    "node_modules/fraction.js": {
      "version": "4.3.7",
      "resolved": "https://registry.npmjs.org/fraction.js/-/fraction.js-4.3.7.tgz",
      "integrity": "sha512-ZsDfxO51wGAXREY55a7la9LScWpwv9RxIrYABrlvOFBlH/ShPnrtsXeuUIfXKKOVicNxQ+o8JTbJvjS4M89yew==",
      "license": "MIT",
      "engines": {
        "node": "*"
      },
      "funding": {
        "type": "patreon",
        "url": "https://github.com/sponsors/rawify"
      }
    },
    "node_modules/graceful-fs": {
      "version": "4.2.11",
      "resolved": "https://registry.npmjs.org/graceful-fs/-/graceful-fs-4.2.11.tgz",
      "integrity": "sha512-RbJ5/jmFcNNCcDV5o9eTnBLJ/HszWV0P73bc+Ff4nS/rJj+YaS6IGyiOL0VoBYX+l1Wrl3k63h/KrH+nhJ0XvQ==",
      "license": "ISC"
    },
    "node_modules/intl-messageformat": {
      "version": "10.7.16",
      "resolved": "https://registry.npmjs.org/intl-messageformat/-/intl-messageformat-10.7.16.tgz",
      "integrity": "sha512-UmdmHUmp5CIKKjSoE10la5yfU+AYJAaiYLsodbjL4lji83JNvgOQUjGaGhGrpFCb0Uh7sl7qfP1IyILa8Z40ug==",
      "license": "BSD-3-Clause",
      "dependencies": {
        "@formatjs/ecma402-abstract": "2.3.4",
        "@formatjs/fast-memoize": "2.2.7",
        "@formatjs/icu-messageformat-parser": "2.11.2",
        "tslib": "^2.8.0"
      }
    },
    "node_modules/js-tokens": {
      "version": "4.0.0",
      "resolved": "https://registry.npmjs.org/js-tokens/-/js-tokens-4.0.0.tgz",
      "integrity": "sha512-RdJUflcE3cUzKiMqQgsCu06FPu9UdIJO0beYbPhHN4k6apgJtifcoCtT9bcxOpYBtpD2kCM6Sbzg4CausW/PKQ==",
      "license": "MIT"
    },
    "node_modules/lodash.castarray": {
      "version": "4.4.0",
      "resolved": "https://registry.npmjs.org/lodash.castarray/-/lodash.castarray-4.4.0.tgz",
      "integrity": "sha512-aVx8ztPv7/2ULbArGJ2Y42bG1mEQ5mGjpdvrbJcJFU3TbYybe+QlLS4pst9zV52ymy2in1KpFPiZnAOATxD4+Q==",
      "license": "MIT"
    },
    "node_modules/lodash.isplainobject": {
      "version": "4.0.6",
      "resolved": "https://registry.npmjs.org/lodash.isplainobject/-/lodash.isplainobject-4.0.6.tgz",
      "integrity": "sha512-oSXzaWypCMHkPC3NvBEaPHf0KsA5mvPrOPgQWDsbg8n7orZ290M0BmC/jgRZ4vcJ6DTAhjrsSYgdsW/F+MFOBA==",
      "license": "MIT"
    },
    "node_modules/lodash.merge": {
      "version": "4.6.2",
      "resolved": "https://registry.npmjs.org/lodash.merge/-/lodash.merge-4.6.2.tgz",
      "integrity": "sha512-0KpjqXRVvrYyCsX1swR/XTK0va6VQkQM6MNo7PqW77ByjAhoARA8EfrP1N4+KlKj8YS0ZUCtRT/YUuhyYDujIQ==",
      "license": "MIT"
    },
    "node_modules/loose-envify": {
      "version": "1.4.0",
      "resolved": "https://registry.npmjs.org/loose-envify/-/loose-envify-1.4.0.tgz",
      "integrity": "sha512-lyuxPGr/Wfhrlem2CL/UcnUc1zcqKAImBDzukY7Y5F/yQiNdko6+fRLevlw1HgMySw7f611UIY408EtxRSoK3Q==",
      "license": "MIT",
      "dependencies": {
        "js-tokens": "^3.0.0 || ^4.0.0"
      },
      "bin": {
        "loose-envify": "cli.js"
      }
    },
    "node_modules/lucide-react": {
      "version": "0.525.0",
      "resolved": "https://registry.npmjs.org/lucide-react/-/lucide-react-0.525.0.tgz",
      "integrity": "sha512-Tm1txJ2OkymCGkvwoHt33Y2JpN5xucVq1slHcgE6Lk0WjDfjgKWor5CdVER8U6DvcfMwh4M8XxmpTiyzfmfDYQ==",
      "license": "ISC",
      "peerDependencies": {
        "react": "^16.5.1 || ^17.0.0 || ^18.0.0 || ^19.0.0"
      }
    },
    "node_modules/nanoid": {
      "version": "3.3.11",
      "resolved": "https://registry.npmjs.org/nanoid/-/nanoid-3.3.11.tgz",
      "integrity": "sha512-N8SpfPUnUp1bK+PMYW8qSWdl9U+wwNWI4QKxOYDy9JAro3WMX7p2OeVRF9v+347pnakNevPmiHhNmZ2HbFA76w==",
      "funding": [
        {
          "type": "github",
          "url": "https://github.com/sponsors/ai"
        }
      ],
      "license": "MIT",
      "bin": {
        "nanoid": "bin/nanoid.cjs"
      },
      "engines": {
        "node": "^10 || ^12 || ^13.7 || ^14 || >=15.0.1"
      }
    },
    "node_modules/negotiator": {
      "version": "1.0.0",
      "resolved": "https://registry.npmjs.org/negotiator/-/negotiator-1.0.0.tgz",
      "integrity": "sha512-8Ofs/AUQh8MaEcrlq5xOX0CQ9ypTF5dl78mjlMNfOK08fzpgTHQRQPBxcPlEtIw0yRpws+Zo/3r+5WRby7u3Gg==",
      "license": "MIT",
      "engines": {
        "node": ">= 0.6"
      }
    },
    "node_modules/next": {
      "version": "14.2.30",
      "resolved": "https://registry.npmjs.org/next/-/next-14.2.30.tgz",
      "integrity": "sha512-+COdu6HQrHHFQ1S/8BBsCag61jZacmvbuL2avHvQFbWa2Ox7bE+d8FyNgxRLjXQ5wtPyQwEmk85js/AuaG2Sbg==",
      "license": "MIT",
      "dependencies": {
        "@next/env": "14.2.30",
        "@swc/helpers": "0.5.5",
        "busboy": "1.6.0",
        "caniuse-lite": "^1.0.30001579",
        "graceful-fs": "^4.2.11",
        "postcss": "8.4.31",
        "styled-jsx": "5.1.1"
      },
      "bin": {
        "next": "dist/bin/next"
      },
      "engines": {
        "node": ">=18.17.0"
      },
      "optionalDependencies": {
        "@next/swc-darwin-arm64": "14.2.30",
        "@next/swc-darwin-x64": "14.2.30",
        "@next/swc-linux-arm64-gnu": "14.2.30",
        "@next/swc-linux-arm64-musl": "14.2.30",
        "@next/swc-linux-x64-gnu": "14.2.30",
        "@next/swc-linux-x64-musl": "14.2.30",
        "@next/swc-win32-arm64-msvc": "14.2.30",
        "@next/swc-win32-ia32-msvc": "14.2.30",
        "@next/swc-win32-x64-msvc": "14.2.30"
      },
      "peerDependencies": {
        "@opentelemetry/api": "^1.1.0",
        "@playwright/test": "^1.41.2",
        "react": "^18.2.0",
        "react-dom": "^18.2.0",
        "sass": "^1.3.0"
      },
      "peerDependenciesMeta": {
        "@opentelemetry/api": {
          "optional": true
        },
        "@playwright/test": {
          "optional": true
        },
        "sass": {
          "optional": true
        }
      }
    },
    "node_modules/next-intl": {
      "version": "4.3.1",
      "resolved": "https://registry.npmjs.org/next-intl/-/next-intl-4.3.1.tgz",
      "integrity": "sha512-FylHpOoQw5MpOyJt4cw8pNEGba7r3jKDSqt112fmBqXVceGR5YncmqpxS5MvSHsWRwbjqpOV8OsZCIY/4f4HWg==",
      "funding": [
        {
          "type": "individual",
          "url": "https://github.com/sponsors/amannn"
        }
      ],
      "license": "MIT",
      "dependencies": {
        "@formatjs/intl-localematcher": "^0.5.4",
        "negotiator": "^1.0.0",
        "use-intl": "^4.3.1"
      },
      "peerDependencies": {
        "next": "^12.0.0 || ^13.0.0 || ^14.0.0 || ^15.0.0",
        "react": "^16.8.0 || ^17.0.0 || ^18.0.0 || >=19.0.0-rc <19.0.0 || ^19.0.0",
        "typescript": "^5.0.0"
      },
      "peerDependenciesMeta": {
        "typescript": {
          "optional": true
        }
      }
    },
    "node_modules/next/node_modules/postcss": {
      "version": "8.4.31",
      "resolved": "https://registry.npmjs.org/postcss/-/postcss-8.4.31.tgz",
      "integrity": "sha512-PS08Iboia9mts/2ygV3eLpY5ghnUcfLV/EXTOW1E2qYxJKGGBUtNjN76FYHnMs36RmARn41bC0AZmn+rR0OVpQ==",
      "funding": [
        {
          "type": "opencollective",
          "url": "https://opencollective.com/postcss/"
        },
        {
          "type": "tidelift",
          "url": "https://tidelift.com/funding/github/npm/postcss"
        },
        {
          "type": "github",
          "url": "https://github.com/sponsors/ai"
        }
      ],
      "license": "MIT",
      "dependencies": {
        "nanoid": "^3.3.6",
        "picocolors": "^1.0.0",
        "source-map-js": "^1.0.2"
      },
      "engines": {
        "node": "^10 || ^12 || >=14"
      }
    },
    "node_modules/node-releases": {
      "version": "2.0.19",
      "resolved": "https://registry.npmjs.org/node-releases/-/node-releases-2.0.19.tgz",
      "integrity": "sha512-xxOWJsBKtzAq7DY0J+DTzuz58K8e7sJbdgwkbMWQe8UYB6ekmsQ45q0M/tJDsGaZmbC+l7n57UV8Hl5tHxO9uw==",
      "license": "MIT"
    },
    "node_modules/normalize-range": {
      "version": "0.1.2",
      "resolved": "https://registry.npmjs.org/normalize-range/-/normalize-range-0.1.2.tgz",
      "integrity": "sha512-bdok/XvKII3nUpklnV6P2hxtMNrCboOjAcyBuQnWEhO665FwrSNRxU+AqpsyvO6LgGYPspN+lu5CLtw4jPRKNA==",
      "license": "MIT",
      "engines": {
        "node": ">=0.10.0"
      }
    },
    "node_modules/picocolors": {
      "version": "1.1.1",
      "resolved": "https://registry.npmjs.org/picocolors/-/picocolors-1.1.1.tgz",
      "integrity": "sha512-xceH2snhtb5M9liqDsmEw56le376mTZkEX/jEb/RxNFyegNul7eNslCXP9FDj/Lcu0X8KEyMceP2ntpaHrDEVA==",
      "license": "ISC"
    },
    "node_modules/postcss": {
      "version": "8.5.6",
      "resolved": "https://registry.npmjs.org/postcss/-/postcss-8.5.6.tgz",
      "integrity": "sha512-3Ybi1tAuwAP9s0r1UQ2J4n5Y0G05bJkpUIO0/bI9MhwmD70S5aTWbXGBwxHrelT+XM1k6dM0pk+SwNkpTRN7Pg==",
      "funding": [
        {
          "type": "opencollective",
          "url": "https://opencollective.com/postcss/"
        },
        {
          "type": "tidelift",
          "url": "https://tidelift.com/funding/github/npm/postcss"
        },
        {
          "type": "github",
          "url": "https://github.com/sponsors/ai"
        }
      ],
      "license": "MIT",
      "dependencies": {
        "nanoid": "^3.3.11",
        "picocolors": "^1.1.1",
        "source-map-js": "^1.2.1"
      },
      "engines": {
        "node": "^10 || ^12 || >=14"
      }
    },
    "node_modules/postcss-selector-parser": {
      "version": "6.0.10",
      "resolved": "https://registry.npmjs.org/postcss-selector-parser/-/postcss-selector-parser-6.0.10.tgz",
      "integrity": "sha512-IQ7TZdoaqbT+LCpShg46jnZVlhWD2w6iQYAcYXfHARZ7X1t/UGhhceQDs5X0cGqKvYlHNOuv7Oa1xmb0oQuA3w==",
      "license": "MIT",
      "dependencies": {
        "cssesc": "^3.0.0",
        "util-deprecate": "^1.0.2"
      },
      "engines": {
        "node": ">=4"
      }
    },
    "node_modules/postcss-value-parser": {
      "version": "4.2.0",
      "resolved": "https://registry.npmjs.org/postcss-value-parser/-/postcss-value-parser-4.2.0.tgz",
      "integrity": "sha512-1NNCs6uurfkVbeXG4S8JFT9t19m45ICnif8zWLd5oPSZ50QnwMfK+H3jv408d4jw/7Bttv5axS5IiHoLaVNHeQ==",
      "license": "MIT"
    },
    "node_modules/prismjs": {
      "version": "1.30.0",
      "resolved": "https://registry.npmjs.org/prismjs/-/prismjs-1.30.0.tgz",
      "integrity": "sha512-DEvV2ZF2r2/63V+tK8hQvrR2ZGn10srHbXviTlcv7Kpzw8jWiNTqbVgjO3IY8RxrrOUF8VPMQQFysYYYv0YZxw==",
      "license": "MIT",
      "engines": {
        "node": ">=6"
      }
    },
    "node_modules/react": {
      "version": "18.3.1",
      "resolved": "https://registry.npmjs.org/react/-/react-18.3.1.tgz",
      "integrity": "sha512-wS+hAgJShR0KhEvPJArfuPVN1+Hz1t0Y6n5jLrGQbkb4urgPE/0Rve+1kMB1v/oWgHgm4WIcV+i7F2pTVj+2iQ==",
      "license": "MIT",
      "dependencies": {
        "loose-envify": "^1.1.0"
      },
      "engines": {
        "node": ">=0.10.0"
      }
    },
    "node_modules/react-dom": {
      "version": "18.3.1",
      "resolved": "https://registry.npmjs.org/react-dom/-/react-dom-18.3.1.tgz",
      "integrity": "sha512-5m4nQKp+rZRb09LNH59GM4BxTh9251/ylbKIbpe7TpGxfJ+9kv6BLkLBXIjjspbgbnIBNqlI23tRnTWT0snUIw==",
      "license": "MIT",
      "dependencies": {
        "loose-envify": "^1.1.0",
        "scheduler": "^0.23.2"
      },
      "peerDependencies": {
        "react": "^18.3.1"
      }
    },
    "node_modules/scheduler": {
      "version": "0.23.2",
      "resolved": "https://registry.npmjs.org/scheduler/-/scheduler-0.23.2.tgz",
      "integrity": "sha512-UOShsPwz7NrMUqhR6t0hWjFduvOzbtv7toDH1/hIrfRNIDBnnBWd0CwJTGvTpngVlmwGCdP9/Zl/tVrDqcuYzQ==",
      "license": "MIT",
      "dependencies": {
        "loose-envify": "^1.1.0"
      }
    },
    "node_modules/source-map-js": {
      "version": "1.2.1",
      "resolved": "https://registry.npmjs.org/source-map-js/-/source-map-js-1.2.1.tgz",
      "integrity": "sha512-UXWMKhLOwVKb728IUtQPXxfYU+usdybtUrK/8uGE8CQMvrhOpwvzDBwj0QhSL7MQc7vIsISBG8VQ8+IDQxpfQA==",
      "license": "BSD-3-Clause",
      "engines": {
        "node": ">=0.10.0"
      }
    },
    "node_modules/streamsearch": {
      "version": "1.1.0",
      "resolved": "https://registry.npmjs.org/streamsearch/-/streamsearch-1.1.0.tgz",
      "integrity": "sha512-Mcc5wHehp9aXz1ax6bZUyY5afg9u2rv5cqQI3mRrYkGC8rW2hM02jWuwjtL++LS5qinSyhj2QfLyNsuc+VsExg==",
      "engines": {
        "node": ">=10.0.0"
      }
    },
    "node_modules/styled-jsx": {
      "version": "5.1.1",
      "resolved": "https://registry.npmjs.org/styled-jsx/-/styled-jsx-5.1.1.tgz",
      "integrity": "sha512-pW7uC1l4mBZ8ugbiZrcIsiIvVx1UmTfw7UkC3Um2tmfUq9Bhk8IiyEIPl6F8agHgjzku6j0xQEZbfA5uSgSaCw==",
      "license": "MIT",
      "dependencies": {
        "client-only": "0.0.1"
      },
      "engines": {
        "node": ">= 12.0.0"
      },
      "peerDependencies": {
        "react": ">= 16.8.0 || 17.x.x || ^18.0.0-0"
      },
      "peerDependenciesMeta": {
        "@babel/core": {
          "optional": true
        },
        "babel-plugin-macros": {
          "optional": true
        }
      }
    },
    "node_modules/tailwindcss": {
      "version": "4.1.11",
      "resolved": "https://registry.npmjs.org/tailwindcss/-/tailwindcss-4.1.11.tgz",
      "integrity": "sha512-2E9TBm6MDD/xKYe+dvJZAmg3yxIEDNRc0jwlNyDg/4Fil2QcSLjFKGVff0lAf1jjeaArlG/M75Ey/EYr/OJtBA==",
      "license": "MIT"
    },
    "node_modules/tslib": {
      "version": "2.8.1",
      "resolved": "https://registry.npmjs.org/tslib/-/tslib-2.8.1.tgz",
      "integrity": "sha512-oJFu94HQb+KVduSUQL7wnpmqnfmLsOA/nAh6b6EH0wCEoK0/mPeXU6c3wKDV83MkOuHPRHtSXKKU99IBazS/2w==",
      "license": "0BSD"
    },
    "node_modules/typescript": {
      "version": "5.8.3",
      "resolved": "https://registry.npmjs.org/typescript/-/typescript-5.8.3.tgz",
      "integrity": "sha512-p1diW6TqL9L07nNxvRMM7hMMw4c5XOo/1ibL4aAIGmSAt9slTE1Xgw5KWuof2uTOvCg9BY7ZRi+GaF+7sfgPeQ==",
      "devOptional": true,
      "license": "Apache-2.0",
      "bin": {
        "tsc": "bin/tsc",
        "tsserver": "bin/tsserver"
      },
      "engines": {
        "node": ">=14.17"
      }
    },
    "node_modules/undici-types": {
      "version": "7.8.0",
      "resolved": "https://registry.npmjs.org/undici-types/-/undici-types-7.8.0.tgz",
      "integrity": "sha512-9UJ2xGDvQ43tYyVMpuHlsgApydB8ZKfVYTsLDhXkFL/6gfkp+U8xTGdh8pMJv1SpZna0zxG1DwsKZsreLbXBxw==",
      "license": "MIT"
    },
    "node_modules/update-browserslist-db": {
      "version": "1.1.3",
      "resolved": "https://registry.npmjs.org/update-browserslist-db/-/update-browserslist-db-1.1.3.tgz",
      "integrity": "sha512-UxhIZQ+QInVdunkDAaiazvvT/+fXL5Osr0JZlJulepYu6Jd7qJtDZjlur0emRlT71EN3ScPoE7gvsuIKKNavKw==",
      "funding": [
        {
          "type": "opencollective",
          "url": "https://opencollective.com/browserslist"
        },
        {
          "type": "tidelift",
          "url": "https://tidelift.com/funding/github/npm/browserslist"
        },
        {
          "type": "github",
          "url": "https://github.com/sponsors/ai"
        }
      ],
      "license": "MIT",
      "dependencies": {
        "escalade": "^3.2.0",
        "picocolors": "^1.1.1"
      },
      "bin": {
        "update-browserslist-db": "cli.js"
      },
      "peerDependencies": {
        "browserslist": ">= 4.21.0"
      }
    },
    "node_modules/use-intl": {
      "version": "4.3.1",
      "resolved": "https://registry.npmjs.org/use-intl/-/use-intl-4.3.1.tgz",
      "integrity": "sha512-8Xn5RXzeHZhWqqZimi1wi2pKFqm0NxRUOB41k1QdjbPX+ysoeLW3Ey+fi603D/e5EGb0fYw8WzjgtUagJdlIvg==",
      "license": "MIT",
      "dependencies": {
        "@formatjs/fast-memoize": "^2.2.0",
        "@schummar/icu-type-parser": "1.21.5",
        "intl-messageformat": "^10.5.14"
      },
      "peerDependencies": {
        "react": "^17.0.0 || ^18.0.0 || >=19.0.0-rc <19.0.0 || ^19.0.0"
      }
    },
    "node_modules/util-deprecate": {
      "version": "1.0.2",
      "resolved": "https://registry.npmjs.org/util-deprecate/-/util-deprecate-1.0.2.tgz",
      "integrity": "sha512-EPD5q1uXyFxJpCrLnCc1nHnq3gOa6DZBocAIiI2TaSCA7VCJ1UJDMagCzIkXNsUYfD1daK//LTEQ8xiIbrHtcw==",
      "license": "MIT"
    }
  }
}
